
Microsoft Visual Studio Solution File, Format Version 12.00
# Visual Studio 2013
VisualStudioVersion = 12.0.31101.0
MinimumVisualStudioVersion = 10.0.40219.1
Project("{FAE04EC0-301F-11D3-BF4B-00C04F79EFBC}") = "PoeHUD", "PoeHUD.csproj", "{E86368B2-AE1E-4489-A749-E29A0AB48F83}"
EndProject
Project("{FAE04EC0-301F-11D3-BF4B-00C04F79EFBC}") = "Scrambler", "Launcher\Scrambler.csproj", "{0FDD3CF8-3AD7-4B7D-BADB-305364D6756A}"
EndProject
Global
	GlobalSection(SolutionConfigurationPlatforms) = preSolution
		Debug|Any CPU = Debug|Any CPU
		Debug|Mixed Platforms = Debug|Mixed Platforms
		Debug|x86 = Debug|x86
		Release|Any CPU = Release|Any CPU
		Release|Mixed Platforms = Release|Mixed Platforms
		Release|x86 = Release|x86
	EndGlobalSection
	GlobalSection(ProjectConfigurationPlatforms) = postSolution
		{E86368B2-AE1E-4489-A749-E29A0AB48F83}.Debug|Any CPU.ActiveCfg = Debug|x86
		{E86368B2-AE1E-4489-A749-E29A0AB48F83}.Debug|Mixed Platforms.ActiveCfg = Debug|x86
		{E86368B2-AE1E-4489-A749-E29A0AB48F83}.Debug|Mixed Platforms.Build.0 = Debug|x86
		{E86368B2-AE1E-4489-A749-E29A0AB48F83}.Debug|x86.ActiveCfg = Debug|x86
		{E86368B2-AE1E-4489-A749-E29A0AB48F83}.Debug|x86.Build.0 = Debug|x86
		{E86368B2-AE1E-4489-A749-E29A0AB48F83}.Release|Any CPU.ActiveCfg = Release|x86
		{E86368B2-AE1E-4489-A749-E29A0AB48F83}.Release|Mixed Platforms.ActiveCfg = Release|x86
		{E86368B2-AE1E-4489-A749-E29A0AB48F83}.Release|Mixed Platforms.Build.0 = Release|x86
		{E86368B2-AE1E-4489-A749-E29A0AB48F83}.Release|x86.ActiveCfg = Release|x86
		{E86368B2-AE1E-4489-A749-E29A0AB48F83}.Release|x86.Build.0 = Release|x86
		{0FDD3CF8-3AD7-4B7D-BADB-305364D6756A}.Debug|Any CPU.ActiveCfg = Debug|Any CPU
		{0FDD3CF8-3AD7-4B7D-BADB-305364D6756A}.Debug|Any CPU.Build.0 = Debug|Any CPU
		{0FDD3CF8-3AD7-4B7D-BADB-305364D6756A}.Debug|Mixed Platforms.ActiveCfg = Debug|Any CPU
		{0FDD3CF8-3AD7-4B7D-BADB-305364D6756A}.Debug|Mixed Platforms.Build.0 = Debug|Any CPU
		{0FDD3CF8-3AD7-4B7D-BADB-305364D6756A}.Debug|x86.ActiveCfg = Debug|Any CPU
		{0FDD3CF8-3AD7-4B7D-BADB-305364D6756A}.Release|Any CPU.ActiveCfg = Release|Any CPU
		{0FDD3CF8-3AD7-4B7D-BADB-305364D6756A}.Release|Any CPU.Build.0 = Release|Any CPU
		{0FDD3CF8-3AD7-4B7D-BADB-305364D6756A}.Release|Mixed Platforms.ActiveCfg = Release|Any CPU
		{0FDD3CF8-3AD7-4B7D-BADB-305364D6756A}.Release|Mixed Platforms.Build.0 = Release|Any CPU
		{0FDD3CF8-3AD7-4B7D-BADB-305364D6756A}.Release|x86.ActiveCfg = Release|Any CPU
	EndGlobalSection
	GlobalSection(SolutionProperties) = preSolution
		HideSolutionNode = FALSE
	EndGlobalSection
EndGlobal
